// !$*UTF8*$!
{
	archiveVersion = 1;
	classes = {
	};
	objectVersion = 46;
	objects = {

/* Begin PBXBuildFile section */
		BF4D64821BB8028400F1EC41 /* RCTWebRTC.h in CopyFiles */ = {isa = PBXBuildFile; fileRef = BF4D64811BB8028400F1EC41 /* RCTWebRTC.h */; };
		BF4D64841BB8028400F1EC41 /* RCTWebRTC.m in Sources */ = {isa = PBXBuildFile; fileRef = BF4D64831BB8028400F1EC41 /* RCTWebRTC.m */; };
/* End PBXBuildFile section */

/* Begin PBXCopyFilesBuildPhase section */
		BF4D647C1BB8028400F1EC41 /* CopyFiles */ = {
			isa = PBXCopyFilesBuildPhase;
			buildActionMask = 2147483647;
			dstPath = "include/$(PRODUCT_NAME)";
			dstSubfolderSpec = 16;
			files = (
				BF4D64821BB8028400F1EC41 /* RCTWebRTC.h in CopyFiles */,
			);
			runOnlyForDeploymentPostprocessing = 0;
		};
/* End PBXCopyFilesBuildPhase section */

/* Begin PBXFileReference section */
		BF4D647E1BB8028400F1EC41 /* libRCTWebRTC.a */ = {isa = PBXFileReference; explicitFileType = archive.ar; includeInIndex = 0; path = libRCTWebRTC.a; sourceTree = BUILT_PRODUCTS_DIR; };
		BF4D64811BB8028400F1EC41 /* RCTWebRTC.h */ = {isa = PBXFileReference; lastKnownFileType = sourcecode.c.h; path = RCTWebRTC.h; sourceTree = "<group>"; };
		BF4D64831BB8028400F1EC41 /* RCTWebRTC.m */ = {isa = PBXFileReference; lastKnownFileType = sourcecode.c.objc; path = RCTWebRTC.m; sourceTree = "<group>"; };
/* End PBXFileReference section */

/* Begin PBXFrameworksBuildPhase section */
		BF4D647B1BB8028400F1EC41 /* Frameworks */ = {
			isa = PBXFrameworksBuildPhase;
			buildActionMask = 2147483647;
			files = (
			);
			runOnlyForDeploymentPostprocessing = 0;
		};
/* End PBXFrameworksBuildPhase section */

/* Begin PBXGroup section */
		BF4D64751BB8028400F1EC41 = {
			isa = PBXGroup;
			children = (
				BF4D64801BB8028400F1EC41 /* RCTWebRTC */,
				BF4D647F1BB8028400F1EC41 /* Products */,
			);
			sourceTree = "<group>";
		};
		BF4D647F1BB8028400F1EC41 /* Products */ = {
			isa = PBXGroup;
			children = (
				BF4D647E1BB8028400F1EC41 /* libRCTWebRTC.a */,
			);
			name = Products;
			sourceTree = "<group>";
		};
		BF4D64801BB8028400F1EC41 /* RCTWebRTC */ = {
			isa = PBXGroup;
			children = (
				BF4D64811BB8028400F1EC41 /* RCTWebRTC.h */,
				BF4D64831BB8028400F1EC41 /* RCTWebRTC.m */,
			);
			path = RCTWebRTC;
			sourceTree = "<group>";
		};
/* End PBXGroup section */

/* Begin PBXNativeTarget section */
		BF4D647D1BB8028400F1EC41 /* RCTWebRTC */ = {
			isa = PBXNativeTarget;
			buildConfigurationList = BF4D64871BB8028400F1EC41 /* Build configuration list for PBXNativeTarget "RCTWebRTC" */;
			buildPhases = (
				BF4D647A1BB8028400F1EC41 /* Sources */,
				BF4D647B1BB8028400F1EC41 /* Frameworks */,
				BF4D647C1BB8028400F1EC41 /* CopyFiles */,
			);
			buildRules = (
			);
			dependencies = (
			);
			name = RCTWebRTC;
			productName = RCTWebRTC;
			productReference = BF4D647E1BB8028400F1EC41 /* libRCTWebRTC.a */;
			productType = "com.apple.product-type.library.static";
		};
/* End PBXNativeTarget section */

/* Begin PBXProject section */
		BF4D64761BB8028400F1EC41 /* Project object */ = {
			isa = PBXProject;
			attributes = {
				LastUpgradeCheck = 0700;
				ORGANIZATIONNAME = one;
				TargetAttributes = {
					BF4D647D1BB8028400F1EC41 = {
						CreatedOnToolsVersion = 7.0;
					};
				};
			};
			buildConfigurationList = BF4D64791BB8028400F1EC41 /* Build configuration list for PBXProject "RCTWebRTC" */;
			compatibilityVersion = "Xcode 3.2";
			developmentRegion = English;
			hasScannedForEncodings = 0;
			knownRegions = (
				en,
			);
			mainGroup = BF4D64751BB8028400F1EC41;
			productRefGroup = BF4D647F1BB8028400F1EC41 /* Products */;
			projectDirPath = "";
			projectRoot = "";
			targets = (
				BF4D647D1BB8028400F1EC41 /* RCTWebRTC */,
			);
		};
/* End PBXProject section */

/* Begin PBXSourcesBuildPhase section */
		BF4D647A1BB8028400F1EC41 /* Sources */ = {
			isa = PBXSourcesBuildPhase;
			buildActionMask = 2147483647;
			files = (
				BF4D64841BB8028400F1EC41 /* RCTWebRTC.m in Sources */,
			);
			runOnlyForDeploymentPostprocessing = 0;
		};
/* End PBXSourcesBuildPhase section */

/* Begin XCBuildConfiguration section */
		BF4D64851BB8028400F1EC41 /* Debug */ = {
			isa = XCBuildConfiguration;
			buildSettings = {
				ALWAYS_SEARCH_USER_PATHS = NO;
				CLANG_CXX_LANGUAGE_STANDARD = "gnu++0x";
				CLANG_CXX_LIBRARY = "libc++";
				CLANG_ENABLE_MODULES = YES;
				CLANG_ENABLE_OBJC_ARC = YES;
				CLANG_WARN_BOOL_CONVERSION = YES;
				CLANG_WARN_CONSTANT_CONVERSION = YES;
				CLANG_WARN_DIRECT_OBJC_ISA_USAGE = YES_ERROR;
				CLANG_WARN_EMPTY_BODY = YES;
				CLANG_WARN_ENUM_CONVERSION = YES;
				CLANG_WARN_INT_CONVERSION = YES;
				CLANG_WARN_OBJC_ROOT_CLASS = YES_ERROR;
				CLANG_WARN_UNREACHABLE_CODE = YES;
				CLANG_WARN__DUPLICATE_METHOD_MATCH = YES;
				COPY_PHASE_STRIP = NO;
				DEBUG_INFORMATION_FORMAT = dwarf;
				ENABLE_STRICT_OBJC_MSGSEND = YES;
				ENABLE_TESTABILITY = YES;
				GCC_C_LANGUAGE_STANDARD = gnu99;
				GCC_DYNAMIC_NO_PIC = NO;
				GCC_NO_COMMON_BLOCKS = YES;
				GCC_OPTIMIZATION_LEVEL = 0;
				GCC_PREPROCESSOR_DEFINITIONS = (
					"DEBUG=1",
					"$(inherited)",
				);
				GCC_WARN_64_TO_32_BIT_CONVERSION = YES;
				GCC_WARN_ABOUT_RETURN_TYPE = YES_ERROR;
				GCC_WARN_UNDECLARED_SELECTOR = YES;
				GCC_WARN_UNINITIALIZED_AUTOS = YES_AGGRESSIVE;
				GCC_WARN_UNUSED_FUNCTION = YES;
				GCC_WARN_UNUSED_VARIABLE = YES;
				IPHONEOS_DEPLOYMENT_TARGET = 9.0;
				MTL_ENABLE_DEBUG_INFO = YES;
				ONLY_ACTIVE_ARCH = YES;
				SDKROOT = iphoneos;
			};
			name = Debug;
		};
		BF4D64861BB8028400F1EC41 /* Release */ = {
			isa = XCBuildConfiguration;
			buildSettings = {
				ALWAYS_SEARCH_USER_PATHS = NO;
				CLANG_CXX_LANGUAGE_STANDARD = "gnu++0x";
				CLANG_CXX_LIBRARY = "libc++";
				CLANG_ENABLE_MODULES = YES;
				CLANG_ENABLE_OBJC_ARC = YES;
				CLANG_WARN_BOOL_CONVERSION = YES;
				CLANG_WARN_CONSTANT_CONVERSION = YES;
				CLANG_WARN_DIRECT_OBJC_ISA_USAGE = YES_ERROR;
				CLANG_WARN_EMPTY_BODY = YES;
				CLANG_WARN_ENUM_CONVERSION = YES;
				CLANG_WARN_INT_CONVERSION = YES;
				CLANG_WARN_OBJC_ROOT_CLASS = YES_ERROR;
				CLANG_WARN_UNREACHABLE_CODE = YES;
				CLANG_WARN__DUPLICATE_METHOD_MATCH = YES;
				COPY_PHASE_STRIP = NO;
				DEBUG_INFORMATION_FORMAT = "dwarf-with-dsym";
				ENABLE_NS_ASSERTIONS = NO;
				ENABLE_STRICT_OBJC_MSGSEND = YES;
				GCC_C_LANGUAGE_STANDARD = gnu99;
				GCC_NO_COMMON_BLOCKS = YES;
				GCC_WARN_64_TO_32_BIT_CONVERSION = YES;
				GCC_WARN_ABOUT_RETURN_TYPE = YES_ERROR;
				GCC_WARN_UNDECLARED_SELECTOR = YES;
				GCC_WARN_UNINITIALIZED_AUTOS = YES_AGGRESSIVE;
				GCC_WARN_UNUSED_FUNCTION = YES;
				GCC_WARN_UNUSED_VARIABLE = YES;
				IPHONEOS_DEPLOYMENT_TARGET = 9.0;
				MTL_ENABLE_DEBUG_INFO = NO;
				SDKROOT = iphoneos;
				VALIDATE_PRODUCT = YES;
			};
			name = Release;
		};
		BF4D64881BB8028400F1EC41 /* Debug */ = {
			isa = XCBuildConfiguration;
			buildSettings = {
				OTHER_LDFLAGS = "-ObjC";
				PRODUCT_NAME = "$(TARGET_NAME)";
				SKIP_INSTALL = YES;
			};
			name = Debug;
		};
		BF4D64891BB8028400F1EC41 /* Release */ = {
			isa = XCBuildConfiguration;
			buildSettings = {
				OTHER_LDFLAGS = "-ObjC";
				PRODUCT_NAME = "$(TARGET_NAME)";
				SKIP_INSTALL = YES;
			};
			name = Release;
		};
/* End XCBuildConfiguration section */

/* Begin XCConfigurationList section */
		BF4D64791BB8028400F1EC41 /* Build configuration list for PBXProject "RCTWebRTC" */ = {
			isa = XCConfigurationList;
			buildConfigurations = (
				BF4D64851BB8028400F1EC41 /* Debug */,
				BF4D64861BB8028400F1EC41 /* Release */,
			);
			defaultConfigurationIsVisible = 0;
			defaultConfigurationName = Release;
		};
		BF4D64871BB8028400F1EC41 /* Build configuration list for PBXNativeTarget "RCTWebRTC" */ = {
			isa = XCConfigurationList;
			buildConfigurations = (
				BF4D64881BB8028400F1EC41 /* Debug */,
				BF4D64891BB8028400F1EC41 /* Release */,
			);
			defaultConfigurationIsVisible = 0;
		};
/* End XCConfigurationList section */
	};
	rootObject = BF4D64761BB8028400F1EC41 /* Project object */;
}
